
Microsoft Visual Studio Solution File, Format Version 11.00
# Visual Studio 2010
Project("{FAE04EC0-301F-11D3-BF4B-00C04F79EFBC}") = "arkit-mario", "Assembly-CSharp-firstpass.csproj", "{853A4E5C-0821-7DD5-865E-D01250577D4C}"
EndProject
Project("{FAE04EC0-301F-11D3-BF4B-00C04F79EFBC}") = "arkit-mario", "Assembly-CSharp.csproj", "{5052827A-CE58-85A3-DB91-9D43A93479F0}"
EndProject
Project("{FAE04EC0-301F-11D3-BF4B-00C04F79EFBC}") = "arkit-mario", "Assembly-CSharp-Editor-firstpass.csproj", "{7D41EF1D-66F0-64D9-1BB1-249E1C54A564}"
EndProject
Project("{FAE04EC0-301F-11D3-BF4B-00C04F79EFBC}") = "arkit-mario", "Assembly-CSharp-Editor.csproj", "{AB6C26E7-759E-9637-30D3-E23730B0E141}"
EndProject
Global
	GlobalSection(SolutionConfigurationPlatforms) = preSolution
		Debug|Any CPU = Debug|Any CPU
		Release|Any CPU = Release|Any CPU
	EndGlobalSection
	GlobalSection(ProjectConfigurationPlatforms) = postSolution
		{853A4E5C-0821-7DD5-865E-D01250577D4C}.Debug|Any CPU.ActiveCfg = Debug|Any CPU
		{853A4E5C-0821-7DD5-865E-D01250577D4C}.Debug|Any CPU.Build.0 = Debug|Any CPU
		{853A4E5C-0821-7DD5-865E-D01250577D4C}.Release|Any CPU.ActiveCfg = Release|Any CPU
		{853A4E5C-0821-7DD5-865E-D01250577D4C}.Release|Any CPU.Build.0 = Release|Any CPU
		{5052827A-CE58-85A3-DB91-9D43A93479F0}.Debug|Any CPU.ActiveCfg = Debug|Any CPU
		{5052827A-CE58-85A3-DB91-9D43A93479F0}.Debug|Any CPU.Build.0 = Debug|Any CPU
		{5052827A-CE58-85A3-DB91-9D43A93479F0}.Release|Any CPU.ActiveCfg = Release|Any CPU
		{5052827A-CE58-85A3-DB91-9D43A93479F0}.Release|Any CPU.Build.0 = Release|Any CPU
		{7D41EF1D-66F0-64D9-1BB1-249E1C54A564}.Debug|Any CPU.ActiveCfg = Debug|Any CPU
		{7D41EF1D-66F0-64D9-1BB1-249E1C54A564}.Debug|Any CPU.Build.0 = Debug|Any CPU
		{7D41EF1D-66F0-64D9-1BB1-249E1C54A564}.Release|Any CPU.ActiveCfg = Release|Any CPU
		{7D41EF1D-66F0-64D9-1BB1-249E1C54A564}.Release|Any CPU.Build.0 = Release|Any CPU
		{AB6C26E7-759E-9637-30D3-E23730B0E141}.Debug|Any CPU.ActiveCfg = Debug|Any CPU
		{AB6C26E7-759E-9637-30D3-E23730B0E141}.Debug|Any CPU.Build.0 = Debug|Any CPU
		{AB6C26E7-759E-9637-30D3-E23730B0E141}.Release|Any CPU.ActiveCfg = Release|Any CPU
		{AB6C26E7-759E-9637-30D3-E23730B0E141}.Release|Any CPU.Build.0 = Release|Any CPU
	EndGlobalSection
	GlobalSection(SolutionProperties) = preSolution
		HideSolutionNode = FALSE
	EndGlobalSection
	GlobalSection(MonoDevelopProperties) = preSolution
		StartupItem = Assembly-CSharp.csproj
	EndGlobalSection
EndGlobal
